
Microsoft Visual Studio Solution File, Format Version 12.00
# Visual Studio Version 16
VisualStudioVersion = 16.0.29728.190
MinimumVisualStudioVersion = 10.0.40219.1
Project("{FAE04EC0-301F-11D3-BF4B-00C04F79EFBC}") = "PSI_AST", "PSI_AST\PSI_AST.csproj", "{EDFE2421-1803-42F3-B6FA-8A31CE59A033}"
EndProject
Global
	GlobalSection(SolutionConfigurationPlatforms) = preSolution
		Debug|Any CPU = Debug|Any CPU
		Release|Any CPU = Release|Any CPU
	EndGlobalSection
	GlobalSection(ProjectConfigurationPlatforms) = postSolution
		{EDFE2421-1803-42F3-B6FA-8A31CE59A033}.Debug|Any CPU.ActiveCfg = Debug|Any CPU
		{EDFE2421-1803-42F3-B6FA-8A31CE59A033}.Debug|Any CPU.Build.0 = Debug|Any CPU
		{EDFE2421-1803-42F3-B6FA-8A31CE59A033}.Release|Any CPU.ActiveCfg = Release|Any CPU
		{EDFE2421-1803-42F3-B6FA-8A31CE59A033}.Release|Any CPU.Build.0 = Release|Any CPU
	EndGlobalSection
	GlobalSection(SolutionProperties) = preSolution
		HideSolutionNode = FALSE
	EndGlobalSection
	GlobalSection(ExtensibilityGlobals) = postSolution
		SolutionGuid = {217AD924-F3BB-4106-B458-107C75A52454}
	EndGlobalSection
EndGlobal
